
Microsoft Visual Studio Solution File, Format Version 12.00
# Visual Studio Version 17
VisualStudioVersion = 17.0.32126.317
MinimumVisualStudioVersion = 10.0.40219.1
Project("{9A19103F-16F7-4668-BE54-9A1E7A4F7556}") = "EMailWebAPI", "EMailWebAPI.csproj", "{B05B87AE-C04F-447F-B9DD-8DEE740B6A96}"
EndProject
Global
	GlobalSection(SolutionConfigurationPlatforms) = preSolution
		Debug|Any CPU = Debug|Any CPU
		Release|Any CPU = Release|Any CPU
	EndGlobalSection
	GlobalSection(ProjectConfigurationPlatforms) = postSolution
		{B05B87AE-C04F-447F-B9DD-8DEE740B6A96}.Debug|Any CPU.ActiveCfg = Debug|Any CPU
		{B05B87AE-C04F-447F-B9DD-8DEE740B6A96}.Debug|Any CPU.Build.0 = Debug|Any CPU
		{B05B87AE-C04F-447F-B9DD-8DEE740B6A96}.Release|Any CPU.ActiveCfg = Release|Any CPU
		{B05B87AE-C04F-447F-B9DD-8DEE740B6A96}.Release|Any CPU.Build.0 = Release|Any CPU
	EndGlobalSection
	GlobalSection(SolutionProperties) = preSolution
		HideSolutionNode = FALSE
	EndGlobalSection
	GlobalSection(ExtensibilityGlobals) = postSolution
		SolutionGuid = {8B0FAA1E-E047-4515-9E96-07A3D3B8951E}
	EndGlobalSection
EndGlobal
